
Microsoft Visual Studio Solution File, Format Version 12.00
# Visual Studio Version 17
VisualStudioVersion = 17.7.34024.191
MinimumVisualStudioVersion = 10.0.40219.1
Project("{FAE04EC0-301F-11D3-BF4B-00C04F79EFBC}") = "CountEachCharacter", "CountEachCharacter\CountEachCharacter.csproj", "{00E8362B-5D6F-4B32-8D13-30450DDB6A91}"
EndProject
Global
	GlobalSection(SolutionConfigurationPlatforms) = preSolution
		Debug|Any CPU = Debug|Any CPU
		Release|Any CPU = Release|Any CPU
	EndGlobalSection
	GlobalSection(ProjectConfigurationPlatforms) = postSolution
		{00E8362B-5D6F-4B32-8D13-30450DDB6A91}.Debug|Any CPU.ActiveCfg = Debug|Any CPU
		{00E8362B-5D6F-4B32-8D13-30450DDB6A91}.Debug|Any CPU.Build.0 = Debug|Any CPU
		{00E8362B-5D6F-4B32-8D13-30450DDB6A91}.Release|Any CPU.ActiveCfg = Release|Any CPU
		{00E8362B-5D6F-4B32-8D13-30450DDB6A91}.Release|Any CPU.Build.0 = Release|Any CPU
	EndGlobalSection
	GlobalSection(SolutionProperties) = preSolution
		HideSolutionNode = FALSE
	EndGlobalSection
	GlobalSection(ExtensibilityGlobals) = postSolution
		SolutionGuid = {F1658A04-2E80-46A3-AAEC-874A5D490954}
	EndGlobalSection
EndGlobal
