
Microsoft Visual Studio Solution File, Format Version 12.00
# Visual Studio Version 17
VisualStudioVersion = 17.7.34024.191
MinimumVisualStudioVersion = 10.0.40219.1
Project("{FAE04EC0-301F-11D3-BF4B-00C04F79EFBC}") = "StringReverse", "StringReverse\StringReverse.csproj", "{3FC43C2F-A9D1-4631-BD6C-6F261696A676}"
EndProject
Global
	GlobalSection(SolutionConfigurationPlatforms) = preSolution
		Debug|Any CPU = Debug|Any CPU
		Release|Any CPU = Release|Any CPU
	EndGlobalSection
	GlobalSection(ProjectConfigurationPlatforms) = postSolution
		{3FC43C2F-A9D1-4631-BD6C-6F261696A676}.Debug|Any CPU.ActiveCfg = Debug|Any CPU
		{3FC43C2F-A9D1-4631-BD6C-6F261696A676}.Debug|Any CPU.Build.0 = Debug|Any CPU
		{3FC43C2F-A9D1-4631-BD6C-6F261696A676}.Release|Any CPU.ActiveCfg = Release|Any CPU
		{3FC43C2F-A9D1-4631-BD6C-6F261696A676}.Release|Any CPU.Build.0 = Release|Any CPU
	EndGlobalSection
	GlobalSection(SolutionProperties) = preSolution
		HideSolutionNode = FALSE
	EndGlobalSection
	GlobalSection(ExtensibilityGlobals) = postSolution
		SolutionGuid = {C88D9748-1FBC-4F3E-B90A-35884009902C}
	EndGlobalSection
EndGlobal
